
Microsoft Visual Studio Solution File, Format Version 12.00
# Visual Studio Version 16
VisualStudioVersion = 16.0.29920.165
MinimumVisualStudioVersion = 10.0.40219.1
Project("{FAE04EC0-301F-11D3-BF4B-00C04F79EFBC}") = "P07.MilitaryElite", "P07.MilitaryElite.csproj", "{E99E7EE5-B10C-40FC-BDAF-5828DDBF5B78}"
EndProject
Global
	GlobalSection(SolutionConfigurationPlatforms) = preSolution
		Debug|Any CPU = Debug|Any CPU
		Release|Any CPU = Release|Any CPU
	EndGlobalSection
	GlobalSection(ProjectConfigurationPlatforms) = postSolution
		{E99E7EE5-B10C-40FC-BDAF-5828DDBF5B78}.Debug|Any CPU.ActiveCfg = Debug|Any CPU
		{E99E7EE5-B10C-40FC-BDAF-5828DDBF5B78}.Debug|Any CPU.Build.0 = Debug|Any CPU
		{E99E7EE5-B10C-40FC-BDAF-5828DDBF5B78}.Release|Any CPU.ActiveCfg = Release|Any CPU
		{E99E7EE5-B10C-40FC-BDAF-5828DDBF5B78}.Release|Any CPU.Build.0 = Release|Any CPU
	EndGlobalSection
	GlobalSection(SolutionProperties) = preSolution
		HideSolutionNode = FALSE
	EndGlobalSection
	GlobalSection(ExtensibilityGlobals) = postSolution
		SolutionGuid = {B01DFE40-C26D-4025-9FBD-23F0984B1AC5}
	EndGlobalSection
EndGlobal
