
Microsoft Visual Studio Solution File, Format Version 12.00
# Visual Studio Version 16
VisualStudioVersion = 16.0.29326.143
MinimumVisualStudioVersion = 10.0.40219.1
Project("{FAE04EC0-301F-11D3-BF4B-00C04F79EFBC}") = "7. Predicate for Names", "7. Predicate for Names.csproj", "{5252F793-7324-4A6F-95E0-2A1BEB8B5A01}"
EndProject
Global
	GlobalSection(SolutionConfigurationPlatforms) = preSolution
		Debug|Any CPU = Debug|Any CPU
		Release|Any CPU = Release|Any CPU
	EndGlobalSection
	GlobalSection(ProjectConfigurationPlatforms) = postSolution
		{5252F793-7324-4A6F-95E0-2A1BEB8B5A01}.Debug|Any CPU.ActiveCfg = Debug|Any CPU
		{5252F793-7324-4A6F-95E0-2A1BEB8B5A01}.Debug|Any CPU.Build.0 = Debug|Any CPU
		{5252F793-7324-4A6F-95E0-2A1BEB8B5A01}.Release|Any CPU.ActiveCfg = Release|Any CPU
		{5252F793-7324-4A6F-95E0-2A1BEB8B5A01}.Release|Any CPU.Build.0 = Release|Any CPU
	EndGlobalSection
	GlobalSection(SolutionProperties) = preSolution
		HideSolutionNode = FALSE
	EndGlobalSection
	GlobalSection(ExtensibilityGlobals) = postSolution
		SolutionGuid = {E92A6767-669B-4FD6-8352-B24B702E10CB}
	EndGlobalSection
EndGlobal
