
Microsoft Visual Studio Solution File, Format Version 12.00
# Visual Studio Version 16
VisualStudioVersion = 16.0.29920.165
MinimumVisualStudioVersion = 10.0.40219.1
Project("{FAE04EC0-301F-11D3-BF4B-00C04F79EFBC}") = "5.PizzaCalories", "5.PizzaCalories.csproj", "{BFAE97BF-5FBE-4F5E-BF87-C4D981404775}"
EndProject
Global
	GlobalSection(SolutionConfigurationPlatforms) = preSolution
		Debug|Any CPU = Debug|Any CPU
		Release|Any CPU = Release|Any CPU
	EndGlobalSection
	GlobalSection(ProjectConfigurationPlatforms) = postSolution
		{BFAE97BF-5FBE-4F5E-BF87-C4D981404775}.Debug|Any CPU.ActiveCfg = Debug|Any CPU
		{BFAE97BF-5FBE-4F5E-BF87-C4D981404775}.Debug|Any CPU.Build.0 = Debug|Any CPU
		{BFAE97BF-5FBE-4F5E-BF87-C4D981404775}.Release|Any CPU.ActiveCfg = Release|Any CPU
		{BFAE97BF-5FBE-4F5E-BF87-C4D981404775}.Release|Any CPU.Build.0 = Release|Any CPU
	EndGlobalSection
	GlobalSection(SolutionProperties) = preSolution
		HideSolutionNode = FALSE
	EndGlobalSection
	GlobalSection(ExtensibilityGlobals) = postSolution
		SolutionGuid = {F2320654-1B6E-4121-B267-7C545B3A1463}
	EndGlobalSection
EndGlobal
