
Microsoft Visual Studio Solution File, Format Version 12.00
# Visual Studio Version 16
VisualStudioVersion = 16.0.29326.143
MinimumVisualStudioVersion = 10.0.40219.1
Project("{FAE04EC0-301F-11D3-BF4B-00C04F79EFBC}") = "LinkedList-selfwritten", "LinkedList-selfwritten.csproj", "{48C8F82E-E8EE-492E-861D-96D437436007}"
EndProject
Global
	GlobalSection(SolutionConfigurationPlatforms) = preSolution
		Debug|Any CPU = Debug|Any CPU
		Release|Any CPU = Release|Any CPU
	EndGlobalSection
	GlobalSection(ProjectConfigurationPlatforms) = postSolution
		{48C8F82E-E8EE-492E-861D-96D437436007}.Debug|Any CPU.ActiveCfg = Debug|Any CPU
		{48C8F82E-E8EE-492E-861D-96D437436007}.Debug|Any CPU.Build.0 = Debug|Any CPU
		{48C8F82E-E8EE-492E-861D-96D437436007}.Release|Any CPU.ActiveCfg = Release|Any CPU
		{48C8F82E-E8EE-492E-861D-96D437436007}.Release|Any CPU.Build.0 = Release|Any CPU
	EndGlobalSection
	GlobalSection(SolutionProperties) = preSolution
		HideSolutionNode = FALSE
	EndGlobalSection
	GlobalSection(ExtensibilityGlobals) = postSolution
		SolutionGuid = {894CAB8B-C78A-4CD9-84CA-669593B8DB1B}
	EndGlobalSection
EndGlobal
