
Microsoft Visual Studio Solution File, Format Version 12.00
# Visual Studio Version 16
VisualStudioVersion = 16.0.29920.165
MinimumVisualStudioVersion = 10.0.40219.1
Project("{FAE04EC0-301F-11D3-BF4B-00C04F79EFBC}") = "3.Mankind", "3.Mankind.csproj", "{976DF663-A3A1-4095-BB43-6FD4B5464B89}"
EndProject
Global
	GlobalSection(SolutionConfigurationPlatforms) = preSolution
		Debug|Any CPU = Debug|Any CPU
		Release|Any CPU = Release|Any CPU
	EndGlobalSection
	GlobalSection(ProjectConfigurationPlatforms) = postSolution
		{976DF663-A3A1-4095-BB43-6FD4B5464B89}.Debug|Any CPU.ActiveCfg = Debug|Any CPU
		{976DF663-A3A1-4095-BB43-6FD4B5464B89}.Debug|Any CPU.Build.0 = Debug|Any CPU
		{976DF663-A3A1-4095-BB43-6FD4B5464B89}.Release|Any CPU.ActiveCfg = Release|Any CPU
		{976DF663-A3A1-4095-BB43-6FD4B5464B89}.Release|Any CPU.Build.0 = Release|Any CPU
	EndGlobalSection
	GlobalSection(SolutionProperties) = preSolution
		HideSolutionNode = FALSE
	EndGlobalSection
	GlobalSection(ExtensibilityGlobals) = postSolution
		SolutionGuid = {C39A34C8-2C08-4E05-BC45-0CE24ECF5CE9}
	EndGlobalSection
EndGlobal
