
Microsoft Visual Studio Solution File, Format Version 12.00
# Visual Studio Version 16
VisualStudioVersion = 16.0.29326.143
MinimumVisualStudioVersion = 10.0.40219.1
Project("{FAE04EC0-301F-11D3-BF4B-00C04F79EFBC}") = "1.TrojanInvasion", "1.TrojanInvasion.csproj", "{54BE5295-C29C-4906-BB6E-2E70669012D5}"
EndProject
Global
	GlobalSection(SolutionConfigurationPlatforms) = preSolution
		Debug|Any CPU = Debug|Any CPU
		Release|Any CPU = Release|Any CPU
	EndGlobalSection
	GlobalSection(ProjectConfigurationPlatforms) = postSolution
		{54BE5295-C29C-4906-BB6E-2E70669012D5}.Debug|Any CPU.ActiveCfg = Debug|Any CPU
		{54BE5295-C29C-4906-BB6E-2E70669012D5}.Debug|Any CPU.Build.0 = Debug|Any CPU
		{54BE5295-C29C-4906-BB6E-2E70669012D5}.Release|Any CPU.ActiveCfg = Release|Any CPU
		{54BE5295-C29C-4906-BB6E-2E70669012D5}.Release|Any CPU.Build.0 = Release|Any CPU
	EndGlobalSection
	GlobalSection(SolutionProperties) = preSolution
		HideSolutionNode = FALSE
	EndGlobalSection
	GlobalSection(ExtensibilityGlobals) = postSolution
		SolutionGuid = {3DC87C9E-C615-49B1-A7BE-006AC321227D}
	EndGlobalSection
EndGlobal
