
Microsoft Visual Studio Solution File, Format Version 12.00
# Visual Studio Version 16
VisualStudioVersion = 16.0.29920.165
MinimumVisualStudioVersion = 10.0.40219.1
Project("{FAE04EC0-301F-11D3-BF4B-00C04F79EFBC}") = "P09.ExplicitInterfaces", "P09.ExplicitInterfaces.csproj", "{4C472B4F-21FB-43EE-8AF0-DAB2E1352DCF}"
EndProject
Global
	GlobalSection(SolutionConfigurationPlatforms) = preSolution
		Debug|Any CPU = Debug|Any CPU
		Release|Any CPU = Release|Any CPU
	EndGlobalSection
	GlobalSection(ProjectConfigurationPlatforms) = postSolution
		{4C472B4F-21FB-43EE-8AF0-DAB2E1352DCF}.Debug|Any CPU.ActiveCfg = Debug|Any CPU
		{4C472B4F-21FB-43EE-8AF0-DAB2E1352DCF}.Debug|Any CPU.Build.0 = Debug|Any CPU
		{4C472B4F-21FB-43EE-8AF0-DAB2E1352DCF}.Release|Any CPU.ActiveCfg = Release|Any CPU
		{4C472B4F-21FB-43EE-8AF0-DAB2E1352DCF}.Release|Any CPU.Build.0 = Release|Any CPU
	EndGlobalSection
	GlobalSection(SolutionProperties) = preSolution
		HideSolutionNode = FALSE
	EndGlobalSection
	GlobalSection(ExtensibilityGlobals) = postSolution
		SolutionGuid = {C5E4DF15-271D-43CF-B1F7-FE5CD24E2E38}
	EndGlobalSection
EndGlobal
