
Microsoft Visual Studio Solution File, Format Version 12.00
# Visual Studio Version 16
VisualStudioVersion = 16.0.29326.143
MinimumVisualStudioVersion = 10.0.40219.1
Project("{FAE04EC0-301F-11D3-BF4B-00C04F79EFBC}") = "5. Applied Arithmetics", "5. Applied Arithmetics.csproj", "{E211D2A0-5773-4949-927D-161A4F17F154}"
EndProject
Global
	GlobalSection(SolutionConfigurationPlatforms) = preSolution
		Debug|Any CPU = Debug|Any CPU
		Release|Any CPU = Release|Any CPU
	EndGlobalSection
	GlobalSection(ProjectConfigurationPlatforms) = postSolution
		{E211D2A0-5773-4949-927D-161A4F17F154}.Debug|Any CPU.ActiveCfg = Debug|Any CPU
		{E211D2A0-5773-4949-927D-161A4F17F154}.Debug|Any CPU.Build.0 = Debug|Any CPU
		{E211D2A0-5773-4949-927D-161A4F17F154}.Release|Any CPU.ActiveCfg = Release|Any CPU
		{E211D2A0-5773-4949-927D-161A4F17F154}.Release|Any CPU.Build.0 = Release|Any CPU
	EndGlobalSection
	GlobalSection(SolutionProperties) = preSolution
		HideSolutionNode = FALSE
	EndGlobalSection
	GlobalSection(ExtensibilityGlobals) = postSolution
		SolutionGuid = {37EE6BCA-37A9-4C33-A48A-7F6109C8E5AE}
	EndGlobalSection
EndGlobal
