
Microsoft Visual Studio Solution File, Format Version 12.00
# Visual Studio Version 16
VisualStudioVersion = 16.0.29326.143
MinimumVisualStudioVersion = 10.0.40219.1
Project("{FAE04EC0-301F-11D3-BF4B-00C04F79EFBC}") = "2. Line Numbers", "2. Line Numbers.csproj", "{06F27C09-3A6F-44C5-AA7D-93DD2D437ADF}"
EndProject
Global
	GlobalSection(SolutionConfigurationPlatforms) = preSolution
		Debug|Any CPU = Debug|Any CPU
		Release|Any CPU = Release|Any CPU
	EndGlobalSection
	GlobalSection(ProjectConfigurationPlatforms) = postSolution
		{06F27C09-3A6F-44C5-AA7D-93DD2D437ADF}.Debug|Any CPU.ActiveCfg = Debug|Any CPU
		{06F27C09-3A6F-44C5-AA7D-93DD2D437ADF}.Debug|Any CPU.Build.0 = Debug|Any CPU
		{06F27C09-3A6F-44C5-AA7D-93DD2D437ADF}.Release|Any CPU.ActiveCfg = Release|Any CPU
		{06F27C09-3A6F-44C5-AA7D-93DD2D437ADF}.Release|Any CPU.Build.0 = Release|Any CPU
	EndGlobalSection
	GlobalSection(SolutionProperties) = preSolution
		HideSolutionNode = FALSE
	EndGlobalSection
	GlobalSection(ExtensibilityGlobals) = postSolution
		SolutionGuid = {6AB62FEF-3EB1-4DF1-B322-CF29D8BD6D11}
	EndGlobalSection
EndGlobal
