
Microsoft Visual Studio Solution File, Format Version 12.00
# Visual Studio Version 16
VisualStudioVersion = 16.0.29326.143
MinimumVisualStudioVersion = 10.0.40219.1
Project("{FAE04EC0-301F-11D3-BF4B-00C04F79EFBC}") = "7. Speed Racing", "7. Speed Racing.csproj", "{73B29A4F-7F40-4853-9FE5-A9C83E3C7AB0}"
EndProject
Global
	GlobalSection(SolutionConfigurationPlatforms) = preSolution
		Debug|Any CPU = Debug|Any CPU
		Release|Any CPU = Release|Any CPU
	EndGlobalSection
	GlobalSection(ProjectConfigurationPlatforms) = postSolution
		{73B29A4F-7F40-4853-9FE5-A9C83E3C7AB0}.Debug|Any CPU.ActiveCfg = Debug|Any CPU
		{73B29A4F-7F40-4853-9FE5-A9C83E3C7AB0}.Debug|Any CPU.Build.0 = Debug|Any CPU
		{73B29A4F-7F40-4853-9FE5-A9C83E3C7AB0}.Release|Any CPU.ActiveCfg = Release|Any CPU
		{73B29A4F-7F40-4853-9FE5-A9C83E3C7AB0}.Release|Any CPU.Build.0 = Release|Any CPU
	EndGlobalSection
	GlobalSection(SolutionProperties) = preSolution
		HideSolutionNode = FALSE
	EndGlobalSection
	GlobalSection(ExtensibilityGlobals) = postSolution
		SolutionGuid = {7E2E1DFD-8BDA-41A5-B509-A5B0D48CD680}
	EndGlobalSection
EndGlobal
