
Microsoft Visual Studio Solution File, Format Version 12.00
# Visual Studio Version 16
VisualStudioVersion = 16.0.29920.165
MinimumVisualStudioVersion = 10.0.40219.1
Project("{FAE04EC0-301F-11D3-BF4B-00C04F79EFBC}") = "5.Mordor’sCruelPlan", "5.Mordor’sCruelPlan.csproj", "{6E42E270-AD8A-4C2F-8AEA-5007E70A064A}"
EndProject
Global
	GlobalSection(SolutionConfigurationPlatforms) = preSolution
		Debug|Any CPU = Debug|Any CPU
		Release|Any CPU = Release|Any CPU
	EndGlobalSection
	GlobalSection(ProjectConfigurationPlatforms) = postSolution
		{6E42E270-AD8A-4C2F-8AEA-5007E70A064A}.Debug|Any CPU.ActiveCfg = Debug|Any CPU
		{6E42E270-AD8A-4C2F-8AEA-5007E70A064A}.Debug|Any CPU.Build.0 = Debug|Any CPU
		{6E42E270-AD8A-4C2F-8AEA-5007E70A064A}.Release|Any CPU.ActiveCfg = Release|Any CPU
		{6E42E270-AD8A-4C2F-8AEA-5007E70A064A}.Release|Any CPU.Build.0 = Release|Any CPU
	EndGlobalSection
	GlobalSection(SolutionProperties) = preSolution
		HideSolutionNode = FALSE
	EndGlobalSection
	GlobalSection(ExtensibilityGlobals) = postSolution
		SolutionGuid = {9499E063-A479-4C16-9AD9-3852FCA0F13C}
	EndGlobalSection
EndGlobal
