
Microsoft Visual Studio Solution File, Format Version 12.00
# Visual Studio Version 16
VisualStudioVersion = 16.0.29911.84
MinimumVisualStudioVersion = 10.0.40219.1
Project("{FAE04EC0-301F-11D3-BF4B-00C04F79EFBC}") = "1. Single Inheritance", "1. Single Inheritance.csproj", "{DC9AC352-B50C-4DB8-B941-038B408D8797}"
EndProject
Global
	GlobalSection(SolutionConfigurationPlatforms) = preSolution
		Debug|Any CPU = Debug|Any CPU
		Release|Any CPU = Release|Any CPU
	EndGlobalSection
	GlobalSection(ProjectConfigurationPlatforms) = postSolution
		{DC9AC352-B50C-4DB8-B941-038B408D8797}.Debug|Any CPU.ActiveCfg = Debug|Any CPU
		{DC9AC352-B50C-4DB8-B941-038B408D8797}.Debug|Any CPU.Build.0 = Debug|Any CPU
		{DC9AC352-B50C-4DB8-B941-038B408D8797}.Release|Any CPU.ActiveCfg = Release|Any CPU
		{DC9AC352-B50C-4DB8-B941-038B408D8797}.Release|Any CPU.Build.0 = Release|Any CPU
	EndGlobalSection
	GlobalSection(SolutionProperties) = preSolution
		HideSolutionNode = FALSE
	EndGlobalSection
	GlobalSection(ExtensibilityGlobals) = postSolution
		SolutionGuid = {A9500CB3-99FA-45A4-B0B3-E933398EE038}
	EndGlobalSection
EndGlobal
