
Microsoft Visual Studio Solution File, Format Version 12.00
# Visual Studio Version 16
VisualStudioVersion = 16.0.29326.143
MinimumVisualStudioVersion = 10.0.40219.1
Project("{FAE04EC0-301F-11D3-BF4B-00C04F79EFBC}") = "Socks", "Socks.csproj", "{055AEC24-4FF3-4DC9-AB15-1283C0E05E07}"
EndProject
Global
	GlobalSection(SolutionConfigurationPlatforms) = preSolution
		Debug|Any CPU = Debug|Any CPU
		Release|Any CPU = Release|Any CPU
	EndGlobalSection
	GlobalSection(ProjectConfigurationPlatforms) = postSolution
		{055AEC24-4FF3-4DC9-AB15-1283C0E05E07}.Debug|Any CPU.ActiveCfg = Debug|Any CPU
		{055AEC24-4FF3-4DC9-AB15-1283C0E05E07}.Debug|Any CPU.Build.0 = Debug|Any CPU
		{055AEC24-4FF3-4DC9-AB15-1283C0E05E07}.Release|Any CPU.ActiveCfg = Release|Any CPU
		{055AEC24-4FF3-4DC9-AB15-1283C0E05E07}.Release|Any CPU.Build.0 = Release|Any CPU
	EndGlobalSection
	GlobalSection(SolutionProperties) = preSolution
		HideSolutionNode = FALSE
	EndGlobalSection
	GlobalSection(ExtensibilityGlobals) = postSolution
		SolutionGuid = {F43C0CF7-0384-4A64-89DE-D908886D9A9E}
	EndGlobalSection
EndGlobal
