
Microsoft Visual Studio Solution File, Format Version 12.00
# Visual Studio Version 16
VisualStudioVersion = 16.0.29911.84
MinimumVisualStudioVersion = 10.0.40219.1
Project("{FAE04EC0-301F-11D3-BF4B-00C04F79EFBC}") = "5. Stack of Strings", "5. Stack of Strings.csproj", "{1DC849A4-2455-42E4-BE4B-BC61554EF21B}"
EndProject
Global
	GlobalSection(SolutionConfigurationPlatforms) = preSolution
		Debug|Any CPU = Debug|Any CPU
		Release|Any CPU = Release|Any CPU
	EndGlobalSection
	GlobalSection(ProjectConfigurationPlatforms) = postSolution
		{1DC849A4-2455-42E4-BE4B-BC61554EF21B}.Debug|Any CPU.ActiveCfg = Debug|Any CPU
		{1DC849A4-2455-42E4-BE4B-BC61554EF21B}.Debug|Any CPU.Build.0 = Debug|Any CPU
		{1DC849A4-2455-42E4-BE4B-BC61554EF21B}.Release|Any CPU.ActiveCfg = Release|Any CPU
		{1DC849A4-2455-42E4-BE4B-BC61554EF21B}.Release|Any CPU.Build.0 = Release|Any CPU
	EndGlobalSection
	GlobalSection(SolutionProperties) = preSolution
		HideSolutionNode = FALSE
	EndGlobalSection
	GlobalSection(ExtensibilityGlobals) = postSolution
		SolutionGuid = {6B8D4124-5504-4185-A462-3545A3404AA5}
	EndGlobalSection
EndGlobal
